
Microsoft Visual Studio Solution File, Format Version 12.00
# Visual Studio Version 17
VisualStudioVersion = 17.10.35027.167
MinimumVisualStudioVersion = 10.0.40219.1
Project("{FAE04EC0-301F-11D3-BF4B-00C04F79EFBC}") = "OAuthTest", "OAuthTest.csproj", "{99964B0C-6AEE-424E-A03C-DED431D89AAF}"
EndProject
Global
	GlobalSection(SolutionConfigurationPlatforms) = preSolution
		Debug|Any CPU = Debug|Any CPU
		Release|Any CPU = Release|Any CPU
	EndGlobalSection
	GlobalSection(ProjectConfigurationPlatforms) = postSolution
		{99964B0C-6AEE-424E-A03C-DED431D89AAF}.Debug|Any CPU.ActiveCfg = Debug|Any CPU
		{99964B0C-6AEE-424E-A03C-DED431D89AAF}.Debug|Any CPU.Build.0 = Debug|Any CPU
		{99964B0C-6AEE-424E-A03C-DED431D89AAF}.Release|Any CPU.ActiveCfg = Release|Any CPU
		{99964B0C-6AEE-424E-A03C-DED431D89AAF}.Release|Any CPU.Build.0 = Release|Any CPU
	EndGlobalSection
	GlobalSection(SolutionProperties) = preSolution
		HideSolutionNode = FALSE
	EndGlobalSection
	GlobalSection(ExtensibilityGlobals) = postSolution
		SolutionGuid = {D9047400-812F-4514-899C-8880E41970DD}
	EndGlobalSection
EndGlobal
